<?xml version="1.0" encoding="utf-8"?>
<Project ToolsVersion="4.0" xmlns="http://schemas.microsoft.com/developer/msbuild/2003">
  <ItemGroup>
    <Filter Include="Quellcodedateien">
      <UniqueIdentifier>{727b350d-c458-4fd6-87d2-b058eb0d2b1b}</UniqueIdentifier>
      <Extensions>cpp;c;cxx;rc;def;r;odl;idl;hpj;bat</Extensions>
    </Filter>
    <Filter Include="Header-Dateien">
      <UniqueIdentifier>{ba10fa9f-a54a-44f7-ac13-6b7e64ae71d8}</UniqueIdentifier>
      <Extensions>h;hpp;hxx;hm;inl</Extensions>
    </Filter>
    <Filter Include="Ressourcendateien">
      <UniqueIdentifier>{0277b52d-f976-4d9d-b3d0-42c8b98ce502}</UniqueIdentifier>
      <Extensions>ico;cur;bmp;dlg;rc2;rct;bin;rgs;gif;jpg;jpeg;jpe</Extensions>
    </Filter>
  </ItemGroup>
  <ItemGroup>
    <ClCompile Include="src\main.cpp">
      <Filter>Quellcodedateien</Filter>
    </ClCompile>
    <ClCompile Include="src\tga.cpp">
      <Filter>Quellcodedateien</Filter>
    </ClCompile>
    <ClCompile Include="src\tick.cpp">
      <Filter>Quellcodedateien</Filter>
    </ClCompile>
    <ClCompile Include="src\viewer.cpp">
      <Filter>Quellcodedateien</Filter>
    </ClCompile>
  </ItemGroup>
  <ItemGroup>
    <ClInclude Include="config.h">
      <Filter>Header-Dateien</Filter>
    </ClInclude>
    <ClInclude Include="src\global.h">
      <Filter>Header-Dateien</Filter>
    </ClInclude>
    <ClInclude Include="src\tga.h">
      <Filter>Header-Dateien</Filter>
    </ClInclude>
    <ClInclude Include="src\tick.h">
      <Filter>Header-Dateien</Filter>
    </ClInclude>
    <ClInclude Include="src\viewer.h">
      <Filter>Header-Dateien</Filter>
    </ClInclude>
  </ItemGroup>
  <ItemGroup>
    <CustomBuild Include="AUTHORS" />
    <CustomBuild Include="ChangeLog" />
    <CustomBuild Include="COPYING" />
    <CustomBuild Include="INSTALL" />
    <CustomBuild Include="README" />
    <CustomBuild Include="TODO" />
  </ItemGroup>
</Project>